// !$*UTF8*$!
{
	archiveVersion = 1;
	classes = {
	};
	objectVersion = 46;
	objects = {

/* Begin PBXBuildFile section */
		49E6AECE1D2802EE88E69BA7 /* libPods-My Symptoms Book.a in Frameworks */ = {isa = PBXBuildFile; fileRef = 5E3863D88E3A8EB276AAD42D /* libPods-My Symptoms Book.a */; };
		FA3AC9E21A1BAFAD00115557 /* FindDoctorTableViewController.m in Sources */ = {isa = PBXBuildFile; fileRef = FA3AC9E11A1BAFAD00115557 /* FindDoctorTableViewController.m */; };
		FA3AC9E51A1BF08E00115557 /* AddDoctorViewController.m in Sources */ = {isa = PBXBuildFile; fileRef = FA3AC9E41A1BF08E00115557 /* AddDoctorViewController.m */; };
		FA3F14981A1CAB3400F643FF /* DoctorRequest.m in Sources */ = {isa = PBXBuildFile; fileRef = FA3F14971A1CAB3400F643FF /* DoctorRequest.m */; };
		FA3F149C1A1CFC9A00F643FF /* ManageRelationsTableViewController.m in Sources */ = {isa = PBXBuildFile; fileRef = FA3F149B1A1CFC9A00F643FF /* ManageRelationsTableViewController.m */; };
		FA3F149F1A1D46FF00F643FF /* UserDoctorRelationViewController.m in Sources */ = {isa = PBXBuildFile; fileRef = FA3F149E1A1D46FF00F643FF /* UserDoctorRelationViewController.m */; };
		FA4FAA5A1A269ED50048E651 /* ContactForm.m in Sources */ = {isa = PBXBuildFile; fileRef = FA4FAA591A269ED50048E651 /* ContactForm.m */; };
		FA54EB401A05D68C00A41602 /* PickDateSymptomSeenViewController.m in Sources */ = {isa = PBXBuildFile; fileRef = FA54EB3F1A05D68C00A41602 /* PickDateSymptomSeenViewController.m */; };
		FA5B23F81A24A38000C266C2 /* ContactPatientViewController.m in Sources */ = {isa = PBXBuildFile; fileRef = FA5B23F71A24A38000C266C2 /* ContactPatientViewController.m */; };
		FA5B24011A24E2D300C266C2 /* checkBoxView.m in Sources */ = {isa = PBXBuildFile; fileRef = FA5B24001A24E2D200C266C2 /* checkBoxView.m */; };
		FA5B24031A2529C100C266C2 /* AVFoundation.framework in Frameworks */ = {isa = PBXBuildFile; fileRef = FA5B24021A2529C100C266C2 /* AVFoundation.framework */; };
		FA6525741A154BE900F85F6C /* SymptomhistoryViewController.m in Sources */ = {isa = PBXBuildFile; fileRef = FA6525731A154BE900F85F6C /* SymptomhistoryViewController.m */; };
		FA6C97181A1E08BB00F05F73 /* UserSymptomSpecialtiesTableViewController.m in Sources */ = {isa = PBXBuildFile; fileRef = FA6C97171A1E08BB00F05F73 /* UserSymptomSpecialtiesTableViewController.m */; };
		FA6DED731A1E89ED00B16DEB /* DoctorSymptomSpecialty.m in Sources */ = {isa = PBXBuildFile; fileRef = FA6DED721A1E89ED00B16DEB /* DoctorSymptomSpecialty.m */; };
		FA7160481A043DEF0042179D /* Symptom.m in Sources */ = {isa = PBXBuildFile; fileRef = FA7160471A043DEF0042179D /* Symptom.m */; };
		FA71604B1A045B430042179D /* SymptomViewController.m in Sources */ = {isa = PBXBuildFile; fileRef = FA71604A1A045B430042179D /* SymptomViewController.m */; };
		FA721B211A21F6B600320AA7 /* ManagePatientSymptomHistoryTableViewController.m in Sources */ = {isa = PBXBuildFile; fileRef = FA721B201A21F6B600320AA7 /* ManagePatientSymptomHistoryTableViewController.m */; };
		FA721B241A2261D800320AA7 /* ViewPatientSymptomHistoryViewController.m in Sources */ = {isa = PBXBuildFile; fileRef = FA721B231A2261D800320AA7 /* ViewPatientSymptomHistoryViewController.m */; };
		FA72466B19FFDAD800421B83 /* NormalUserMainViewController.m in Sources */ = {isa = PBXBuildFile; fileRef = FA72466A19FFDAD800421B83 /* NormalUserMainViewController.m */; };
		FA72466E19FFDAF000421B83 /* DoctorUserMainViewController.m in Sources */ = {isa = PBXBuildFile; fileRef = FA72466D19FFDAF000421B83 /* DoctorUserMainViewController.m */; };
		FA7246BC1A00783200421B83 /* SSKeychain.m in Sources */ = {isa = PBXBuildFile; fileRef = FA7246B91A00783200421B83 /* SSKeychain.m */; };
		FA7246BD1A00783200421B83 /* SSKeychainQuery.m in Sources */ = {isa = PBXBuildFile; fileRef = FA7246BB1A00783200421B83 /* SSKeychainQuery.m */; };
		FA7447891A0674DC005D2BFD /* SystemConfiguration.framework in Frameworks */ = {isa = PBXBuildFile; fileRef = FA7447881A0674DC005D2BFD /* SystemConfiguration.framework */; };
		FA74478C1A070155005D2BFD /* Symptomhistory.m in Sources */ = {isa = PBXBuildFile; fileRef = FA74478B1A070155005D2BFD /* Symptomhistory.m */; };
		FA7704941A125FA0005E19CA /* SymptomhistoryTableViewController.m in Sources */ = {isa = PBXBuildFile; fileRef = FA7704931A125FA0005E19CA /* SymptomhistoryTableViewController.m */; };
		FA77244D1A2A6EFE00A45744 /* MobileCoreServices.framework in Frameworks */ = {isa = PBXBuildFile; fileRef = FA77244C1A2A6EFE00A45744 /* MobileCoreServices.framework */; };
		FA8D536F1A1924A700CFA9B8 /* CheckSymptomViewController.m in Sources */ = {isa = PBXBuildFile; fileRef = FA8D536E1A1924A700CFA9B8 /* CheckSymptomViewController.m */; };
		FA8D53721A192DE800CFA9B8 /* DoctorUser.m in Sources */ = {isa = PBXBuildFile; fileRef = FA8D53711A192DE800CFA9B8 /* DoctorUser.m */; };
		FAB9DA8B1A20E5BD00BF78FC /* UserRequestViewController.m in Sources */ = {isa = PBXBuildFile; fileRef = FAB9DA8A1A20E5BD00BF78FC /* UserRequestViewController.m */; };
		FAC1C9861A03036800398F0C /* symptomsList.txt in Resources */ = {isa = PBXBuildFile; fileRef = FAC1C9851A03036800398F0C /* symptomsList.txt */; };
		FAC1C98A1A032DDC00398F0C /* SymptomCategoryTableViewController.m in Sources */ = {isa = PBXBuildFile; fileRef = FAC1C9891A032DDC00398F0C /* SymptomCategoryTableViewController.m */; };
		FAC1C98D1A03341300398F0C /* SymptomSelectTableViewController.m in Sources */ = {isa = PBXBuildFile; fileRef = FAC1C98C1A03341300398F0C /* SymptomSelectTableViewController.m */; };
		FACA254C1A1F634000E8BEE5 /* SymptomSpecialtyCategoryTableViewController.m in Sources */ = {isa = PBXBuildFile; fileRef = FACA254B1A1F634000E8BEE5 /* SymptomSpecialtyCategoryTableViewController.m */; };
		FACA25541A1FD2F700E8BEE5 /* ManagePatientRelationsTableViewController.m in Sources */ = {isa = PBXBuildFile; fileRef = FACA25531A1FD2F700E8BEE5 /* ManagePatientRelationsTableViewController.m */; };
		FAD2D1171A2A075300DE84EE /* playDisabled.png in Resources */ = {isa = PBXBuildFile; fileRef = FAD2D1111A2A075300DE84EE /* playDisabled.png */; };
		FAD2D1181A2A075300DE84EE /* playNormal.png in Resources */ = {isa = PBXBuildFile; fileRef = FAD2D1121A2A075300DE84EE /* playNormal.png */; };
		FAD2D1191A2A075300DE84EE /* recDisabled.png in Resources */ = {isa = PBXBuildFile; fileRef = FAD2D1131A2A075300DE84EE /* recDisabled.png */; };
		FAD2D11A1A2A075300DE84EE /* recNormal.png in Resources */ = {isa = PBXBuildFile; fileRef = FAD2D1141A2A075300DE84EE /* recNormal.png */; };
		FAD2D11B1A2A075300DE84EE /* stopDisabled.png in Resources */ = {isa = PBXBuildFile; fileRef = FAD2D1151A2A075300DE84EE /* stopDisabled.png */; };
		FAD2D11C1A2A075300DE84EE /* stopEnabled.png in Resources */ = {isa = PBXBuildFile; fileRef = FAD2D1161A2A075300DE84EE /* stopEnabled.png */; };
		FAEC5FEE19FEA5D8004B456D /* main.m in Sources */ = {isa = PBXBuildFile; fileRef = FAEC5FED19FEA5D8004B456D /* main.m */; };
		FAEC5FF119FEA5D8004B456D /* AppDelegate.m in Sources */ = {isa = PBXBuildFile; fileRef = FAEC5FF019FEA5D8004B456D /* AppDelegate.m */; };
		FAEC5FF419FEA5D8004B456D /* InitialViewController.m in Sources */ = {isa = PBXBuildFile; fileRef = FAEC5FF319FEA5D8004B456D /* InitialViewController.m */; };
		FAEC5FF719FEA5D8004B456D /* Main.storyboard in Resources */ = {isa = PBXBuildFile; fileRef = FAEC5FF519FEA5D8004B456D /* Main.storyboard */; };
		FAEC5FF919FEA5D8004B456D /* Images.xcassets in Resources */ = {isa = PBXBuildFile; fileRef = FAEC5FF819FEA5D8004B456D /* Images.xcassets */; };
		FAEC5FFC19FEA5D8004B456D /* LaunchScreen.xib in Resources */ = {isa = PBXBuildFile; fileRef = FAEC5FFA19FEA5D8004B456D /* LaunchScreen.xib */; };
		FAEC600819FEA5D8004B456D /* My_Symptoms_BookTests.m in Sources */ = {isa = PBXBuildFile; fileRef = FAEC600719FEA5D8004B456D /* My_Symptoms_BookTests.m */; };
		FAEC601219FEA5F1004B456D /* libsqlite3.dylib in Frameworks */ = {isa = PBXBuildFile; fileRef = FAEC601119FEA5F1004B456D /* libsqlite3.dylib */; };
		FAEC601419FEA612004B456D /* Security.framework in Frameworks */ = {isa = PBXBuildFile; fileRef = FAEC601319FEA612004B456D /* Security.framework */; };
		FAEC601719FEB19A004B456D /* LogInViewController.m in Sources */ = {isa = PBXBuildFile; fileRef = FAEC601619FEB19A004B456D /* LogInViewController.m */; };
		FAEC601A19FEB1A9004B456D /* RegisterViewController.m in Sources */ = {isa = PBXBuildFile; fileRef = FAEC601919FEB1A9004B456D /* RegisterViewController.m */; };
		FAEC601D19FEEF3D004B456D /* DataAndNetFunctions.m in Sources */ = {isa = PBXBuildFile; fileRef = FAEC601C19FEEF3D004B456D /* DataAndNetFunctions.m */; };
		FAEC602019FEF8AE004B456D /* User.m in Sources */ = {isa = PBXBuildFile; fileRef = FAEC601F19FEF8AE004B456D /* User.m */; };
/* End PBXBuildFile section */

/* Begin PBXContainerItemProxy section */
		FAEC600219FEA5D8004B456D /* PBXContainerItemProxy */ = {
			isa = PBXContainerItemProxy;
			containerPortal = FAEC5FE019FEA5D7004B456D /* Project object */;
			proxyType = 1;
			remoteGlobalIDString = FAEC5FE719FEA5D7004B456D;
			remoteInfo = "My Symptoms Book";
		};
/* End PBXContainerItemProxy section */

/* Begin PBXFileReference section */
		5E3863D88E3A8EB276AAD42D /* libPods-My Symptoms Book.a */ = {isa = PBXFileReference; explicitFileType = archive.ar; includeInIndex = 0; path = "libPods-My Symptoms Book.a"; sourceTree = BUILT_PRODUCTS_DIR; };
		D83332FD30E555084B95DE85 /* Pods-My Symptoms Book.release.xcconfig */ = {isa = PBXFileReference; includeInIndex = 1; lastKnownFileType = text.xcconfig; name = "Pods-My Symptoms Book.release.xcconfig"; path = "Pods/Target Support Files/Pods-My Symptoms Book/Pods-My Symptoms Book.release.xcconfig"; sourceTree = "<group>"; };
		DEED959EF4EF5D9FC6BA728D /* Pods-My Symptoms Book.debug.xcconfig */ = {isa = PBXFileReference; includeInIndex = 1; lastKnownFileType = text.xcconfig; name = "Pods-My Symptoms Book.debug.xcconfig"; path = "Pods/Target Support Files/Pods-My Symptoms Book/Pods-My Symptoms Book.debug.xcconfig"; sourceTree = "<group>"; };
		FA3AC9E01A1BAFAD00115557 /* FindDoctorTableViewController.h */ = {isa = PBXFileReference; fileEncoding = 4; lastKnownFileType = sourcecode.c.h; path = FindDoctorTableViewController.h; sourceTree = "<group>"; };
		FA3AC9E11A1BAFAD00115557 /* FindDoctorTableViewController.m */ = {isa = PBXFileReference; fileEncoding = 4; lastKnownFileType = sourcecode.c.objc; path = FindDoctorTableViewController.m; sourceTree = "<group>"; };
		FA3AC9E31A1BF08E00115557 /* AddDoctorViewController.h */ = {isa = PBXFileReference; fileEncoding = 4; lastKnownFileType = sourcecode.c.h; path = AddDoctorViewController.h; sourceTree = "<group>"; };
		FA3AC9E41A1BF08E00115557 /* AddDoctorViewController.m */ = {isa = PBXFileReference; fileEncoding = 4; lastKnownFileType = sourcecode.c.objc; path = AddDoctorViewController.m; sourceTree = "<group>"; };
		FA3F14961A1CAB3400F643FF /* DoctorRequest.h */ = {isa = PBXFileReference; fileEncoding = 4; lastKnownFileType = sourcecode.c.h; path = DoctorRequest.h; sourceTree = "<group>"; };
		FA3F14971A1CAB3400F643FF /* DoctorRequest.m */ = {isa = PBXFileReference; fileEncoding = 4; lastKnownFileType = sourcecode.c.objc; path = DoctorRequest.m; sourceTree = "<group>"; };
		FA3F149A1A1CFC9A00F643FF /* ManageRelationsTableViewController.h */ = {isa = PBXFileReference; fileEncoding = 4; lastKnownFileType = sourcecode.c.h; path = ManageRelationsTableViewController.h; sourceTree = "<group>"; };
		FA3F149B1A1CFC9A00F643FF /* ManageRelationsTableViewController.m */ = {isa = PBXFileReference; fileEncoding = 4; lastKnownFileType = sourcecode.c.objc; path = ManageRelationsTableViewController.m; sourceTree = "<group>"; };
		FA3F149D1A1D46FF00F643FF /* UserDoctorRelationViewController.h */ = {isa = PBXFileReference; fileEncoding = 4; lastKnownFileType = sourcecode.c.h; path = UserDoctorRelationViewController.h; sourceTree = "<group>"; };
		FA3F149E1A1D46FF00F643FF /* UserDoctorRelationViewController.m */ = {isa = PBXFileReference; fileEncoding = 4; lastKnownFileType = sourcecode.c.objc; path = UserDoctorRelationViewController.m; sourceTree = "<group>"; };
		FA4FAA581A269ED50048E651 /* ContactForm.h */ = {isa = PBXFileReference; fileEncoding = 4; lastKnownFileType = sourcecode.c.h; path = ContactForm.h; sourceTree = "<group>"; };
		FA4FAA591A269ED50048E651 /* ContactForm.m */ = {isa = PBXFileReference; fileEncoding = 4; lastKnownFileType = sourcecode.c.objc; path = ContactForm.m; sourceTree = "<group>"; };
		FA54EB3E1A05D68C00A41602 /* PickDateSymptomSeenViewController.h */ = {isa = PBXFileReference; fileEncoding = 4; lastKnownFileType = sourcecode.c.h; path = PickDateSymptomSeenViewController.h; sourceTree = "<group>"; };
		FA54EB3F1A05D68C00A41602 /* PickDateSymptomSeenViewController.m */ = {isa = PBXFileReference; fileEncoding = 4; lastKnownFileType = sourcecode.c.objc; path = PickDateSymptomSeenViewController.m; sourceTree = "<group>"; };
		FA5B23F61A24A38000C266C2 /* ContactPatientViewController.h */ = {isa = PBXFileReference; fileEncoding = 4; lastKnownFileType = sourcecode.c.h; path = ContactPatientViewController.h; sourceTree = "<group>"; };
		FA5B23F71A24A38000C266C2 /* ContactPatientViewController.m */ = {isa = PBXFileReference; fileEncoding = 4; lastKnownFileType = sourcecode.c.objc; path = ContactPatientViewController.m; sourceTree = "<group>"; };
		FA5B23FF1A24E2D200C266C2 /* checkBoxView.h */ = {isa = PBXFileReference; fileEncoding = 4; lastKnownFileType = sourcecode.c.h; path = checkBoxView.h; sourceTree = "<group>"; };
		FA5B24001A24E2D200C266C2 /* checkBoxView.m */ = {isa = PBXFileReference; fileEncoding = 4; lastKnownFileType = sourcecode.c.objc; path = checkBoxView.m; sourceTree = "<group>"; };
		FA5B24021A2529C100C266C2 /* AVFoundation.framework */ = {isa = PBXFileReference; lastKnownFileType = wrapper.framework; name = AVFoundation.framework; path = System/Library/Frameworks/AVFoundation.framework; sourceTree = SDKROOT; };
		FA6525721A154BE900F85F6C /* SymptomhistoryViewController.h */ = {isa = PBXFileReference; fileEncoding = 4; lastKnownFileType = sourcecode.c.h; path = SymptomhistoryViewController.h; sourceTree = "<group>"; };
		FA6525731A154BE900F85F6C /* SymptomhistoryViewController.m */ = {isa = PBXFileReference; fileEncoding = 4; lastKnownFileType = sourcecode.c.objc; path = SymptomhistoryViewController.m; sourceTree = "<group>"; };
		FA6C97161A1E08BB00F05F73 /* UserSymptomSpecialtiesTableViewController.h */ = {isa = PBXFileReference; fileEncoding = 4; lastKnownFileType = sourcecode.c.h; path = UserSymptomSpecialtiesTableViewController.h; sourceTree = "<group>"; };
		FA6C97171A1E08BB00F05F73 /* UserSymptomSpecialtiesTableViewController.m */ = {isa = PBXFileReference; fileEncoding = 4; lastKnownFileType = sourcecode.c.objc; path = UserSymptomSpecialtiesTableViewController.m; sourceTree = "<group>"; };
		FA6DED711A1E89ED00B16DEB /* DoctorSymptomSpecialty.h */ = {isa = PBXFileReference; fileEncoding = 4; lastKnownFileType = sourcecode.c.h; path = DoctorSymptomSpecialty.h; sourceTree = "<group>"; };
		FA6DED721A1E89ED00B16DEB /* DoctorSymptomSpecialty.m */ = {isa = PBXFileReference; fileEncoding = 4; lastKnownFileType = sourcecode.c.objc; path = DoctorSymptomSpecialty.m; sourceTree = "<group>"; };
		FA7160461A043DEF0042179D /* Symptom.h */ = {isa = PBXFileReference; fileEncoding = 4; lastKnownFileType = sourcecode.c.h; path = Symptom.h; sourceTree = "<group>"; };
		FA7160471A043DEF0042179D /* Symptom.m */ = {isa = PBXFileReference; fileEncoding = 4; lastKnownFileType = sourcecode.c.objc; path = Symptom.m; sourceTree = "<group>"; };
		FA7160491A045B430042179D /* SymptomViewController.h */ = {isa = PBXFileReference; fileEncoding = 4; lastKnownFileType = sourcecode.c.h; path = SymptomViewController.h; sourceTree = "<group>"; };
		FA71604A1A045B430042179D /* SymptomViewController.m */ = {isa = PBXFileReference; fileEncoding = 4; lastKnownFileType = sourcecode.c.objc; path = SymptomViewController.m; sourceTree = "<group>"; };
		FA721B1F1A21F6B600320AA7 /* ManagePatientSymptomHistoryTableViewController.h */ = {isa = PBXFileReference; fileEncoding = 4; lastKnownFileType = sourcecode.c.h; path = ManagePatientSymptomHistoryTableViewController.h; sourceTree = "<group>"; };
		FA721B201A21F6B600320AA7 /* ManagePatientSymptomHistoryTableViewController.m */ = {isa = PBXFileReference; fileEncoding = 4; lastKnownFileType = sourcecode.c.objc; path = ManagePatientSymptomHistoryTableViewController.m; sourceTree = "<group>"; };
		FA721B221A2261D800320AA7 /* ViewPatientSymptomHistoryViewController.h */ = {isa = PBXFileReference; fileEncoding = 4; lastKnownFileType = sourcecode.c.h; path = ViewPatientSymptomHistoryViewController.h; sourceTree = "<group>"; };
		FA721B231A2261D800320AA7 /* ViewPatientSymptomHistoryViewController.m */ = {isa = PBXFileReference; fileEncoding = 4; lastKnownFileType = sourcecode.c.objc; path = ViewPatientSymptomHistoryViewController.m; sourceTree = "<group>"; };
		FA72466919FFDAD800421B83 /* NormalUserMainViewController.h */ = {isa = PBXFileReference; fileEncoding = 4; lastKnownFileType = sourcecode.c.h; path = NormalUserMainViewController.h; sourceTree = "<group>"; };
		FA72466A19FFDAD800421B83 /* NormalUserMainViewController.m */ = {isa = PBXFileReference; fileEncoding = 4; lastKnownFileType = sourcecode.c.objc; path = NormalUserMainViewController.m; sourceTree = "<group>"; };
		FA72466C19FFDAF000421B83 /* DoctorUserMainViewController.h */ = {isa = PBXFileReference; fileEncoding = 4; lastKnownFileType = sourcecode.c.h; path = DoctorUserMainViewController.h; sourceTree = "<group>"; };
		FA72466D19FFDAF000421B83 /* DoctorUserMainViewController.m */ = {isa = PBXFileReference; fileEncoding = 4; lastKnownFileType = sourcecode.c.objc; path = DoctorUserMainViewController.m; sourceTree = "<group>"; };
		FA7246B81A00783200421B83 /* SSKeychain.h */ = {isa = PBXFileReference; fileEncoding = 4; lastKnownFileType = sourcecode.c.h; path = SSKeychain.h; sourceTree = "<group>"; };
		FA7246B91A00783200421B83 /* SSKeychain.m */ = {isa = PBXFileReference; fileEncoding = 4; lastKnownFileType = sourcecode.c.objc; path = SSKeychain.m; sourceTree = "<group>"; };
		FA7246BA1A00783200421B83 /* SSKeychainQuery.h */ = {isa = PBXFileReference; fileEncoding = 4; lastKnownFileType = sourcecode.c.h; path = SSKeychainQuery.h; sourceTree = "<group>"; };
		FA7246BB1A00783200421B83 /* SSKeychainQuery.m */ = {isa = PBXFileReference; fileEncoding = 4; lastKnownFileType = sourcecode.c.objc; path = SSKeychainQuery.m; sourceTree = "<group>"; };
		FA7447881A0674DC005D2BFD /* SystemConfiguration.framework */ = {isa = PBXFileReference; lastKnownFileType = wrapper.framework; name = SystemConfiguration.framework; path = System/Library/Frameworks/SystemConfiguration.framework; sourceTree = SDKROOT; };
		FA74478A1A070155005D2BFD /* Symptomhistory.h */ = {isa = PBXFileReference; fileEncoding = 4; lastKnownFileType = sourcecode.c.h; path = Symptomhistory.h; sourceTree = "<group>"; };
		FA74478B1A070155005D2BFD /* Symptomhistory.m */ = {isa = PBXFileReference; fileEncoding = 4; lastKnownFileType = sourcecode.c.objc; path = Symptomhistory.m; sourceTree = "<group>"; };
		FA7704921A125FA0005E19CA /* SymptomhistoryTableViewController.h */ = {isa = PBXFileReference; fileEncoding = 4; lastKnownFileType = sourcecode.c.h; path = SymptomhistoryTableViewController.h; sourceTree = "<group>"; };
		FA7704931A125FA0005E19CA /* SymptomhistoryTableViewController.m */ = {isa = PBXFileReference; fileEncoding = 4; lastKnownFileType = sourcecode.c.objc; path = SymptomhistoryTableViewController.m; sourceTree = "<group>"; };
		FA77244C1A2A6EFE00A45744 /* MobileCoreServices.framework */ = {isa = PBXFileReference; lastKnownFileType = wrapper.framework; name = MobileCoreServices.framework; path = System/Library/Frameworks/MobileCoreServices.framework; sourceTree = SDKROOT; };
		FA8D536D1A1924A700CFA9B8 /* CheckSymptomViewController.h */ = {isa = PBXFileReference; fileEncoding = 4; lastKnownFileType = sourcecode.c.h; path = CheckSymptomViewController.h; sourceTree = "<group>"; };
		FA8D536E1A1924A700CFA9B8 /* CheckSymptomViewController.m */ = {isa = PBXFileReference; fileEncoding = 4; lastKnownFileType = sourcecode.c.objc; path = CheckSymptomViewController.m; sourceTree = "<group>"; };
		FA8D53701A192DE800CFA9B8 /* DoctorUser.h */ = {isa = PBXFileReference; fileEncoding = 4; lastKnownFileType = sourcecode.c.h; path = DoctorUser.h; sourceTree = "<group>"; };
		FA8D53711A192DE800CFA9B8 /* DoctorUser.m */ = {isa = PBXFileReference; fileEncoding = 4; lastKnownFileType = sourcecode.c.objc; path = DoctorUser.m; sourceTree = "<group>"; };
		FAB9DA891A20E5BD00BF78FC /* UserRequestViewController.h */ = {isa = PBXFileReference; fileEncoding = 4; lastKnownFileType = sourcecode.c.h; path = UserRequestViewController.h; sourceTree = "<group>"; };
		FAB9DA8A1A20E5BD00BF78FC /* UserRequestViewController.m */ = {isa = PBXFileReference; fileEncoding = 4; lastKnownFileType = sourcecode.c.objc; path = UserRequestViewController.m; sourceTree = "<group>"; };
		FAC1C9851A03036800398F0C /* symptomsList.txt */ = {isa = PBXFileReference; fileEncoding = 4; lastKnownFileType = text; path = symptomsList.txt; sourceTree = "<group>"; };
		FAC1C9881A032DDC00398F0C /* SymptomCategoryTableViewController.h */ = {isa = PBXFileReference; fileEncoding = 4; lastKnownFileType = sourcecode.c.h; path = SymptomCategoryTableViewController.h; sourceTree = "<group>"; };
		FAC1C9891A032DDC00398F0C /* SymptomCategoryTableViewController.m */ = {isa = PBXFileReference; fileEncoding = 4; lastKnownFileType = sourcecode.c.objc; path = SymptomCategoryTableViewController.m; sourceTree = "<group>"; };
		FAC1C98B1A03341300398F0C /* SymptomSelectTableViewController.h */ = {isa = PBXFileReference; fileEncoding = 4; lastKnownFileType = sourcecode.c.h; path = SymptomSelectTableViewController.h; sourceTree = "<group>"; };
		FAC1C98C1A03341300398F0C /* SymptomSelectTableViewController.m */ = {isa = PBXFileReference; fileEncoding = 4; lastKnownFileType = sourcecode.c.objc; path = SymptomSelectTableViewController.m; sourceTree = "<group>"; };
		FACA254A1A1F634000E8BEE5 /* SymptomSpecialtyCategoryTableViewController.h */ = {isa = PBXFileReference; fileEncoding = 4; lastKnownFileType = sourcecode.c.h; path = SymptomSpecialtyCategoryTableViewController.h; sourceTree = "<group>"; };
		FACA254B1A1F634000E8BEE5 /* SymptomSpecialtyCategoryTableViewController.m */ = {isa = PBXFileReference; fileEncoding = 4; lastKnownFileType = sourcecode.c.objc; path = SymptomSpecialtyCategoryTableViewController.m; sourceTree = "<group>"; };
		FACA25521A1FD2F700E8BEE5 /* ManagePatientRelationsTableViewController.h */ = {isa = PBXFileReference; fileEncoding = 4; lastKnownFileType = sourcecode.c.h; path = ManagePatientRelationsTableViewController.h; sourceTree = "<group>"; };
		FACA25531A1FD2F700E8BEE5 /* ManagePatientRelationsTableViewController.m */ = {isa = PBXFileReference; fileEncoding = 4; lastKnownFileType = sourcecode.c.objc; path = ManagePatientRelationsTableViewController.m; sourceTree = "<group>"; };
		FAD2D1111A2A075300DE84EE /* playDisabled.png */ = {isa = PBXFileReference; lastKnownFileType = image.png; name = playDisabled.png; path = "../../../Desktop/ios app images/playDisabled.png"; sourceTree = "<group>"; };
		FAD2D1121A2A075300DE84EE /* playNormal.png */ = {isa = PBXFileReference; lastKnownFileType = image.png; name = playNormal.png; path = "../../../Desktop/ios app images/playNormal.png"; sourceTree = "<group>"; };
		FAD2D1131A2A075300DE84EE /* recDisabled.png */ = {isa = PBXFileReference; lastKnownFileType = image.png; name = recDisabled.png; path = "../../../Desktop/ios app images/recDisabled.png"; sourceTree = "<group>"; };
		FAD2D1141A2A075300DE84EE /* recNormal.png */ = {isa = PBXFileReference; lastKnownFileType = image.png; name = recNormal.png; path = "../../../Desktop/ios app images/recNormal.png"; sourceTree = "<group>"; };
		FAD2D1151A2A075300DE84EE /* stopDisabled.png */ = {isa = PBXFileReference; lastKnownFileType = image.png; name = stopDisabled.png; path = "../../../Desktop/ios app images/stopDisabled.png"; sourceTree = "<group>"; };
		FAD2D1161A2A075300DE84EE /* stopEnabled.png */ = {isa = PBXFileReference; lastKnownFileType = image.png; name = stopEnabled.png; path = "../../../Desktop/ios app images/stopEnabled.png"; sourceTree = "<group>"; };
		FAEC5FE819FEA5D8004B456D /* My Symptoms Book.app */ = {isa = PBXFileReference; explicitFileType = wrapper.application; includeInIndex = 0; path = "My Symptoms Book.app"; sourceTree = BUILT_PRODUCTS_DIR; };
		FAEC5FEC19FEA5D8004B456D /* Info.plist */ = {isa = PBXFileReference; lastKnownFileType = text.plist.xml; path = Info.plist; sourceTree = "<group>"; };
		FAEC5FED19FEA5D8004B456D /* main.m */ = {isa = PBXFileReference; lastKnownFileType = sourcecode.c.objc; path = main.m; sourceTree = "<group>"; };
		FAEC5FEF19FEA5D8004B456D /* AppDelegate.h */ = {isa = PBXFileReference; lastKnownFileType = sourcecode.c.h; path = AppDelegate.h; sourceTree = "<group>"; };
		FAEC5FF019FEA5D8004B456D /* AppDelegate.m */ = {isa = PBXFileReference; lastKnownFileType = sourcecode.c.objc; path = AppDelegate.m; sourceTree = "<group>"; };
		FAEC5FF219FEA5D8004B456D /* InitialViewController.h */ = {isa = PBXFileReference; lastKnownFileType = sourcecode.c.h; path = InitialViewController.h; sourceTree = "<group>"; };
		FAEC5FF319FEA5D8004B456D /* InitialViewController.m */ = {isa = PBXFileReference; lastKnownFileType = sourcecode.c.objc; path = InitialViewController.m; sourceTree = "<group>"; };
		FAEC5FF619FEA5D8004B456D /* Base */ = {isa = PBXFileReference; lastKnownFileType = file.storyboard; name = Base; path = Base.lproj/Main.storyboard; sourceTree = "<group>"; };
		FAEC5FF819FEA5D8004B456D /* Images.xcassets */ = {isa = PBXFileReference; lastKnownFileType = folder.assetcatalog; path = Images.xcassets; sourceTree = "<group>"; };
		FAEC5FFB19FEA5D8004B456D /* Base */ = {isa = PBXFileReference; lastKnownFileType = file.xib; name = Base; path = Base.lproj/LaunchScreen.xib; sourceTree = "<group>"; };
		FAEC600119FEA5D8004B456D /* My Symptoms BookTests.xctest */ = {isa = PBXFileReference; explicitFileType = wrapper.cfbundle; includeInIndex = 0; path = "My Symptoms BookTests.xctest"; sourceTree = BUILT_PRODUCTS_DIR; };
		FAEC600619FEA5D8004B456D /* Info.plist */ = {isa = PBXFileReference; lastKnownFileType = text.plist.xml; path = Info.plist; sourceTree = "<group>"; };
		FAEC600719FEA5D8004B456D /* My_Symptoms_BookTests.m */ = {isa = PBXFileReference; lastKnownFileType = sourcecode.c.objc; path = My_Symptoms_BookTests.m; sourceTree = "<group>"; };
		FAEC601119FEA5F1004B456D /* libsqlite3.dylib */ = {isa = PBXFileReference; lastKnownFileType = "compiled.mach-o.dylib"; name = libsqlite3.dylib; path = usr/lib/libsqlite3.dylib; sourceTree = SDKROOT; };
		FAEC601319FEA612004B456D /* Security.framework */ = {isa = PBXFileReference; lastKnownFileType = wrapper.framework; name = Security.framework; path = System/Library/Frameworks/Security.framework; sourceTree = SDKROOT; };
		FAEC601519FEB19A004B456D /* LogInViewController.h */ = {isa = PBXFileReference; fileEncoding = 4; lastKnownFileType = sourcecode.c.h; path = LogInViewController.h; sourceTree = "<group>"; };
		FAEC601619FEB19A004B456D /* LogInViewController.m */ = {isa = PBXFileReference; fileEncoding = 4; lastKnownFileType = sourcecode.c.objc; path = LogInViewController.m; sourceTree = "<group>"; };
		FAEC601819FEB1A9004B456D /* RegisterViewController.h */ = {isa = PBXFileReference; fileEncoding = 4; lastKnownFileType = sourcecode.c.h; path = RegisterViewController.h; sourceTree = "<group>"; };
		FAEC601919FEB1A9004B456D /* RegisterViewController.m */ = {isa = PBXFileReference; fileEncoding = 4; lastKnownFileType = sourcecode.c.objc; path = RegisterViewController.m; sourceTree = "<group>"; };
		FAEC601B19FEEF3D004B456D /* DataAndNetFunctions.h */ = {isa = PBXFileReference; fileEncoding = 4; lastKnownFileType = sourcecode.c.h; path = DataAndNetFunctions.h; sourceTree = "<group>"; };
		FAEC601C19FEEF3D004B456D /* DataAndNetFunctions.m */ = {isa = PBXFileReference; fileEncoding = 4; lastKnownFileType = sourcecode.c.objc; path = DataAndNetFunctions.m; sourceTree = "<group>"; };
		FAEC601E19FEF8AE004B456D /* User.h */ = {isa = PBXFileReference; fileEncoding = 4; lastKnownFileType = sourcecode.c.h; path = User.h; sourceTree = "<group>"; };
		FAEC601F19FEF8AE004B456D /* User.m */ = {isa = PBXFileReference; fileEncoding = 4; lastKnownFileType = sourcecode.c.objc; path = User.m; sourceTree = "<group>"; };
/* End PBXFileReference section */

/* Begin PBXFrameworksBuildPhase section */
		FAEC5FE519FEA5D7004B456D /* Frameworks */ = {
			isa = PBXFrameworksBuildPhase;
			buildActionMask = 2147483647;
			files = (
				FA77244D1A2A6EFE00A45744 /* MobileCoreServices.framework in Frameworks */,
				FA5B24031A2529C100C266C2 /* AVFoundation.framework in Frameworks */,
				FA7447891A0674DC005D2BFD /* SystemConfiguration.framework in Frameworks */,
				FAEC601419FEA612004B456D /* Security.framework in Frameworks */,
				FAEC601219FEA5F1004B456D /* libsqlite3.dylib in Frameworks */,
				49E6AECE1D2802EE88E69BA7 /* libPods-My Symptoms Book.a in Frameworks */,
			);
			runOnlyForDeploymentPostprocessing = 0;
		};
		FAEC5FFE19FEA5D8004B456D /* Frameworks */ = {
			isa = PBXFrameworksBuildPhase;
			buildActionMask = 2147483647;
			files = (
			);
			runOnlyForDeploymentPostprocessing = 0;
		};
/* End PBXFrameworksBuildPhase section */

/* Begin PBXGroup section */
		8DA84B57705628630A2A1C37 /* Pods */ = {
			isa = PBXGroup;
			children = (
				DEED959EF4EF5D9FC6BA728D /* Pods-My Symptoms Book.debug.xcconfig */,
				D83332FD30E555084B95DE85 /* Pods-My Symptoms Book.release.xcconfig */,
			);
			name = Pods;
			sourceTree = "<group>";
		};
		B4DC11D4EC269CE9B462C558 /* Frameworks */ = {
			isa = PBXGroup;
			children = (
				FA77244C1A2A6EFE00A45744 /* MobileCoreServices.framework */,
				FA5B24021A2529C100C266C2 /* AVFoundation.framework */,
				FA7447881A0674DC005D2BFD /* SystemConfiguration.framework */,
				5E3863D88E3A8EB276AAD42D /* libPods-My Symptoms Book.a */,
			);
			name = Frameworks;
			sourceTree = "<group>";
		};
		FA3AC9DF1A1BAF7700115557 /* Find Doctor */ = {
			isa = PBXGroup;
			children = (
				FA3AC9E01A1BAFAD00115557 /* FindDoctorTableViewController.h */,
				FA3AC9E11A1BAFAD00115557 /* FindDoctorTableViewController.m */,
				FA3AC9E31A1BF08E00115557 /* AddDoctorViewController.h */,
				FA3AC9E41A1BF08E00115557 /* AddDoctorViewController.m */,
			);
			name = "Find Doctor";
			sourceTree = "<group>";
		};
		FA3F14991A1CFC6E00F643FF /* Manage Doctor Relations */ = {
			isa = PBXGroup;
			children = (
				FA3F149A1A1CFC9A00F643FF /* ManageRelationsTableViewController.h */,
				FA3F149B1A1CFC9A00F643FF /* ManageRelationsTableViewController.m */,
			);
			name = "Manage Doctor Relations";
			sourceTree = "<group>";
		};
		FA54EB411A05D6E400A41602 /* Add Symptom */ = {
			isa = PBXGroup;
			children = (
				FA54EB3F1A05D68C00A41602 /* PickDateSymptomSeenViewController.m */,
				FA54EB3E1A05D68C00A41602 /* PickDateSymptomSeenViewController.h */,
			);
			name = "Add Symptom";
			sourceTree = "<group>";
		};
		FA694EF21A1CAA23009EA045 /* Models */ = {
			isa = PBXGroup;
			children = (
				FA7160461A043DEF0042179D /* Symptom.h */,
				FA7160471A043DEF0042179D /* Symptom.m */,
				FAEC601E19FEF8AE004B456D /* User.h */,
				FAEC601F19FEF8AE004B456D /* User.m */,
				FA8D53701A192DE800CFA9B8 /* DoctorUser.h */,
				FA8D53711A192DE800CFA9B8 /* DoctorUser.m */,
				FA3F14961A1CAB3400F643FF /* DoctorRequest.h */,
				FA3F14971A1CAB3400F643FF /* DoctorRequest.m */,
				FA74478A1A070155005D2BFD /* Symptomhistory.h */,
				FA74478B1A070155005D2BFD /* Symptomhistory.m */,
			);
			name = Models;
			sourceTree = "<group>";
		};
		FA6C97131A1DF6A600F05F73 /* not logged in functions */ = {
			isa = PBXGroup;
			children = (
				FAEC5FF219FEA5D8004B456D /* InitialViewController.h */,
				FAEC5FF319FEA5D8004B456D /* InitialViewController.m */,
				FAEC601519FEB19A004B456D /* LogInViewController.h */,
				FAEC601619FEB19A004B456D /* LogInViewController.m */,
				FAEC601819FEB1A9004B456D /* RegisterViewController.h */,
				FAEC601919FEB1A9004B456D /* RegisterViewController.m */,
			);
			name = "not logged in functions";
			sourceTree = "<group>";
		};
		FA6C97141A1DF6EE00F05F73 /* Doctor User Functions */ = {
			isa = PBXGroup;
			children = (
				FA721B1E1A21F69400320AA7 /* Manage Patient Symptom History */,
				FACA25511A1FD2D600E8BEE5 /* Manage Patient Relations */,
				FA6DED701A1E89C600B16DEB /* Doctor Models */,
				FA72466C19FFDAF000421B83 /* DoctorUserMainViewController.h */,
				FA72466D19FFDAF000421B83 /* DoctorUserMainViewController.m */,
				FA6C97151A1E089900F05F73 /* Specialties Functions */,
			);
			name = "Doctor User Functions";
			sourceTree = "<group>";
		};
		FA6C97151A1E089900F05F73 /* Specialties Functions */ = {
			isa = PBXGroup;
			children = (
				FA6C97161A1E08BB00F05F73 /* UserSymptomSpecialtiesTableViewController.h */,
				FA6C97171A1E08BB00F05F73 /* UserSymptomSpecialtiesTableViewController.m */,
				FACA254A1A1F634000E8BEE5 /* SymptomSpecialtyCategoryTableViewController.h */,
				FACA254B1A1F634000E8BEE5 /* SymptomSpecialtyCategoryTableViewController.m */,
			);
			name = "Specialties Functions";
			sourceTree = "<group>";
		};
		FA6DED701A1E89C600B16DEB /* Doctor Models */ = {
			isa = PBXGroup;
			children = (
				FA6DED711A1E89ED00B16DEB /* DoctorSymptomSpecialty.h */,
				FA6DED721A1E89ED00B16DEB /* DoctorSymptomSpecialty.m */,
				FA4FAA581A269ED50048E651 /* ContactForm.h */,
				FA4FAA591A269ED50048E651 /* ContactForm.m */,
			);
			name = "Doctor Models";
			sourceTree = "<group>";
		};
		FA721B1E1A21F69400320AA7 /* Manage Patient Symptom History */ = {
			isa = PBXGroup;
			children = (
				FA721B1F1A21F6B600320AA7 /* ManagePatientSymptomHistoryTableViewController.h */,
				FA721B201A21F6B600320AA7 /* ManagePatientSymptomHistoryTableViewController.m */,
				FA721B221A2261D800320AA7 /* ViewPatientSymptomHistoryViewController.h */,
				FA721B231A2261D800320AA7 /* ViewPatientSymptomHistoryViewController.m */,
				FA5B23F61A24A38000C266C2 /* ContactPatientViewController.h */,
				FA5B23F71A24A38000C266C2 /* ContactPatientViewController.m */,
				FA5B23FF1A24E2D200C266C2 /* checkBoxView.h */,
				FA5B24001A24E2D200C266C2 /* checkBoxView.m */,
			);
			name = "Manage Patient Symptom History";
			sourceTree = "<group>";
		};
		FA7246B71A00783200421B83 /* SSKeychain */ = {
			isa = PBXGroup;
			children = (
				FA7246B81A00783200421B83 /* SSKeychain.h */,
				FA7246B91A00783200421B83 /* SSKeychain.m */,
				FA7246BA1A00783200421B83 /* SSKeychainQuery.h */,
				FA7246BB1A00783200421B83 /* SSKeychainQuery.m */,
			);
			path = SSKeychain;
			sourceTree = "<group>";
		};
		FA7704911A125F32005E19CA /* Symptom History */ = {
			isa = PBXGroup;
			children = (
				FA6525721A154BE900F85F6C /* SymptomhistoryViewController.h */,
				FA6525731A154BE900F85F6C /* SymptomhistoryViewController.m */,
				FA8D536D1A1924A700CFA9B8 /* CheckSymptomViewController.h */,
				FA8D536E1A1924A700CFA9B8 /* CheckSymptomViewController.m */,
				FA3AC9DF1A1BAF7700115557 /* Find Doctor */,
			);
			name = "Symptom History";
			sourceTree = "<group>";
		};
		FAC1C9871A032D9400398F0C /* Normal User Functions */ = {
			isa = PBXGroup;
			children = (
				FA3F14991A1CFC6E00F643FF /* Manage Doctor Relations */,
				FA7704911A125F32005E19CA /* Symptom History */,
				FA72466A19FFDAD800421B83 /* NormalUserMainViewController.m */,
				FA72466919FFDAD800421B83 /* NormalUserMainViewController.h */,
				FA54EB411A05D6E400A41602 /* Add Symptom */,
			);
			name = "Normal User Functions";
			sourceTree = "<group>";
		};
		FACA25501A1F74BC00E8BEE5 /* Controllers */ = {
			isa = PBXGroup;
			children = (
				FA7704921A125FA0005E19CA /* SymptomhistoryTableViewController.h */,
				FA7704931A125FA0005E19CA /* SymptomhistoryTableViewController.m */,
				FAC1C9881A032DDC00398F0C /* SymptomCategoryTableViewController.h */,
				FAC1C9891A032DDC00398F0C /* SymptomCategoryTableViewController.m */,
				FAC1C98B1A03341300398F0C /* SymptomSelectTableViewController.h */,
				FAC1C98C1A03341300398F0C /* SymptomSelectTableViewController.m */,
				FA71604A1A045B430042179D /* SymptomViewController.m */,
				FA7160491A045B430042179D /* SymptomViewController.h */,
				FA3F149D1A1D46FF00F643FF /* UserDoctorRelationViewController.h */,
				FA3F149E1A1D46FF00F643FF /* UserDoctorRelationViewController.m */,
			);
			name = Controllers;
			sourceTree = "<group>";
		};
		FACA25511A1FD2D600E8BEE5 /* Manage Patient Relations */ = {
			isa = PBXGroup;
			children = (
				FACA25521A1FD2F700E8BEE5 /* ManagePatientRelationsTableViewController.h */,
				FACA25531A1FD2F700E8BEE5 /* ManagePatientRelationsTableViewController.m */,
				FAB9DA891A20E5BD00BF78FC /* UserRequestViewController.h */,
				FAB9DA8A1A20E5BD00BF78FC /* UserRequestViewController.m */,
			);
			name = "Manage Patient Relations";
			sourceTree = "<group>";
		};
		FAD2D1101A2A06D700DE84EE /* Button Images */ = {
			isa = PBXGroup;
			children = (
				FAD2D1111A2A075300DE84EE /* playDisabled.png */,
				FAD2D1121A2A075300DE84EE /* playNormal.png */,
				FAD2D1131A2A075300DE84EE /* recDisabled.png */,
				FAD2D1141A2A075300DE84EE /* recNormal.png */,
				FAD2D1151A2A075300DE84EE /* stopDisabled.png */,
				FAD2D1161A2A075300DE84EE /* stopEnabled.png */,
			);
			name = "Button Images";
			sourceTree = "<group>";
		};
		FAEC5FDF19FEA5D7004B456D = {
			isa = PBXGroup;
			children = (
				FAEC601319FEA612004B456D /* Security.framework */,
				FAEC601119FEA5F1004B456D /* libsqlite3.dylib */,
				FAEC5FEA19FEA5D8004B456D /* My Symptoms Book */,
				FAEC600419FEA5D8004B456D /* My Symptoms BookTests */,
				FAEC5FE919FEA5D8004B456D /* Products */,
				8DA84B57705628630A2A1C37 /* Pods */,
				B4DC11D4EC269CE9B462C558 /* Frameworks */,
			);
			sourceTree = "<group>";
		};
		FAEC5FE919FEA5D8004B456D /* Products */ = {
			isa = PBXGroup;
			children = (
				FAEC5FE819FEA5D8004B456D /* My Symptoms Book.app */,
				FAEC600119FEA5D8004B456D /* My Symptoms BookTests.xctest */,
			);
			name = Products;
			sourceTree = "<group>";
		};
		FAEC5FEA19FEA5D8004B456D /* My Symptoms Book */ = {
			isa = PBXGroup;
			children = (
				FA7246B71A00783200421B83 /* SSKeychain */,
				FAEC5FEF19FEA5D8004B456D /* AppDelegate.h */,
				FAEC5FF019FEA5D8004B456D /* AppDelegate.m */,
				FA694EF21A1CAA23009EA045 /* Models */,
				FAEC5FF519FEA5D8004B456D /* Main.storyboard */,
				FAEC5FF819FEA5D8004B456D /* Images.xcassets */,
				FAEC5FFA19FEA5D8004B456D /* LaunchScreen.xib */,
				FACA25501A1F74BC00E8BEE5 /* Controllers */,
				FAEC5FEB19FEA5D8004B456D /* Supporting Files */,
				FA6C97131A1DF6A600F05F73 /* not logged in functions */,
				FAC1C9871A032D9400398F0C /* Normal User Functions */,
				FA6C97141A1DF6EE00F05F73 /* Doctor User Functions */,
			);
			path = "My Symptoms Book";
			sourceTree = "<group>";
		};
		FAEC5FEB19FEA5D8004B456D /* Supporting Files */ = {
			isa = PBXGroup;
			children = (
				FAD2D1101A2A06D700DE84EE /* Button Images */,
				FAEC601B19FEEF3D004B456D /* DataAndNetFunctions.h */,
				FAEC601C19FEEF3D004B456D /* DataAndNetFunctions.m */,
				FAC1C9851A03036800398F0C /* symptomsList.txt */,
				FAEC5FEC19FEA5D8004B456D /* Info.plist */,
				FAEC5FED19FEA5D8004B456D /* main.m */,
			);
			name = "Supporting Files";
			sourceTree = "<group>";
		};
		FAEC600419FEA5D8004B456D /* My Symptoms BookTests */ = {
			isa = PBXGroup;
			children = (
				FAEC600719FEA5D8004B456D /* My_Symptoms_BookTests.m */,
				FAEC600519FEA5D8004B456D /* Supporting Files */,
			);
			path = "My Symptoms BookTests";
			sourceTree = "<group>";
		};
		FAEC600519FEA5D8004B456D /* Supporting Files */ = {
			isa = PBXGroup;
			children = (
				FAEC600619FEA5D8004B456D /* Info.plist */,
			);
			name = "Supporting Files";
			sourceTree = "<group>";
		};
/* End PBXGroup section */

/* Begin PBXNativeTarget section */
		FAEC5FE719FEA5D7004B456D /* My Symptoms Book */ = {
			isa = PBXNativeTarget;
			buildConfigurationList = FAEC600B19FEA5D8004B456D /* Build configuration list for PBXNativeTarget "My Symptoms Book" */;
			buildPhases = (
				953B265C7FC0967CFA41BF4C /* Check Pods Manifest.lock */,
				FAEC5FE419FEA5D7004B456D /* Sources */,
				FAEC5FE519FEA5D7004B456D /* Frameworks */,
				FAEC5FE619FEA5D7004B456D /* Resources */,
				45C616DE38BC9A1559DEB495 /* Copy Pods Resources */,
			);
			buildRules = (
			);
			dependencies = (
			);
			name = "My Symptoms Book";
			productName = "My Symptoms Book";
			productReference = FAEC5FE819FEA5D8004B456D /* My Symptoms Book.app */;
			productType = "com.apple.product-type.application";
		};
		FAEC600019FEA5D8004B456D /* My Symptoms BookTests */ = {
			isa = PBXNativeTarget;
			buildConfigurationList = FAEC600E19FEA5D8004B456D /* Build configuration list for PBXNativeTarget "My Symptoms BookTests" */;
			buildPhases = (
				FAEC5FFD19FEA5D8004B456D /* Sources */,
				FAEC5FFE19FEA5D8004B456D /* Frameworks */,
				FAEC5FFF19FEA5D8004B456D /* Resources */,
			);
			buildRules = (
			);
			dependencies = (
				FAEC600319FEA5D8004B456D /* PBXTargetDependency */,
			);
			name = "My Symptoms BookTests";
			productName = "My Symptoms BookTests";
			productReference = FAEC600119FEA5D8004B456D /* My Symptoms BookTests.xctest */;
			productType = "com.apple.product-type.bundle.unit-test";
		};
/* End PBXNativeTarget section */

/* Begin PBXProject section */
		FAEC5FE019FEA5D7004B456D /* Project object */ = {
			isa = PBXProject;
			attributes = {
				LastUpgradeCheck = 0610;
				ORGANIZATIONNAME = "Ioannis Pasmatzis";
				TargetAttributes = {
					FAEC5FE719FEA5D7004B456D = {
						CreatedOnToolsVersion = 6.1;
					};
					FAEC600019FEA5D8004B456D = {
						CreatedOnToolsVersion = 6.1;
						TestTargetID = FAEC5FE719FEA5D7004B456D;
					};
				};
			};
			buildConfigurationList = FAEC5FE319FEA5D7004B456D /* Build configuration list for PBXProject "My Symptoms Book" */;
			compatibilityVersion = "Xcode 3.2";
			developmentRegion = English;
			hasScannedForEncodings = 0;
			knownRegions = (
				en,
				Base,
			);
			mainGroup = FAEC5FDF19FEA5D7004B456D;
			productRefGroup = FAEC5FE919FEA5D8004B456D /* Products */;
			projectDirPath = "";
			projectRoot = "";
			targets = (
				FAEC5FE719FEA5D7004B456D /* My Symptoms Book */,
				FAEC600019FEA5D8004B456D /* My Symptoms BookTests */,
			);
		};
/* End PBXProject section */

/* Begin PBXResourcesBuildPhase section */
		FAEC5FE619FEA5D7004B456D /* Resources */ = {
			isa = PBXResourcesBuildPhase;
			buildActionMask = 2147483647;
			files = (
				FAD2D11B1A2A075300DE84EE /* stopDisabled.png in Resources */,
				FAD2D1191A2A075300DE84EE /* recDisabled.png in Resources */,
				FAC1C9861A03036800398F0C /* symptomsList.txt in Resources */,
				FAD2D11C1A2A075300DE84EE /* stopEnabled.png in Resources */,
				FAEC5FF719FEA5D8004B456D /* Main.storyboard in Resources */,
				FAD2D11A1A2A075300DE84EE /* recNormal.png in Resources */,
				FAD2D1171A2A075300DE84EE /* playDisabled.png in Resources */,
				FAEC5FFC19FEA5D8004B456D /* LaunchScreen.xib in Resources */,
				FAD2D1181A2A075300DE84EE /* playNormal.png in Resources */,
				FAEC5FF919FEA5D8004B456D /* Images.xcassets in Resources */,
			);
			runOnlyForDeploymentPostprocessing = 0;
		};
		FAEC5FFF19FEA5D8004B456D /* Resources */ = {
			isa = PBXResourcesBuildPhase;
			buildActionMask = 2147483647;
			files = (
			);
			runOnlyForDeploymentPostprocessing = 0;
		};
/* End PBXResourcesBuildPhase section */

/* Begin PBXShellScriptBuildPhase section */
		45C616DE38BC9A1559DEB495 /* Copy Pods Resources */ = {
			isa = PBXShellScriptBuildPhase;
			buildActionMask = 2147483647;
			files = (
			);
			inputPaths = (
			);
			name = "Copy Pods Resources";
			outputPaths = (
			);
			runOnlyForDeploymentPostprocessing = 0;
			shellPath = /bin/sh;
			shellScript = "\"${SRCROOT}/Pods/Target Support Files/Pods-My Symptoms Book/Pods-My Symptoms Book-resources.sh\"\n";
			showEnvVarsInLog = 0;
		};
		953B265C7FC0967CFA41BF4C /* Check Pods Manifest.lock */ = {
			isa = PBXShellScriptBuildPhase;
			buildActionMask = 2147483647;
			files = (
			);
			inputPaths = (
			);
			name = "Check Pods Manifest.lock";
			outputPaths = (
			);
			runOnlyForDeploymentPostprocessing = 0;
			shellPath = /bin/sh;
			shellScript = "diff \"${PODS_ROOT}/../Podfile.lock\" \"${PODS_ROOT}/Manifest.lock\" > /dev/null\nif [[ $? != 0 ]] ; then\n    cat << EOM\nerror: The sandbox is not in sync with the Podfile.lock. Run 'pod install' or update your CocoaPods installation.\nEOM\n    exit 1\nfi\n";
			showEnvVarsInLog = 0;
		};
/* End PBXShellScriptBuildPhase section */

/* Begin PBXSourcesBuildPhase section */
		FAEC5FE419FEA5D7004B456D /* Sources */ = {
			isa = PBXSourcesBuildPhase;
			buildActionMask = 2147483647;
			files = (
				FA4FAA5A1A269ED50048E651 /* ContactForm.m in Sources */,
				FAB9DA8B1A20E5BD00BF78FC /* UserRequestViewController.m in Sources */,
				FAEC601A19FEB1A9004B456D /* RegisterViewController.m in Sources */,
				FAC1C98A1A032DDC00398F0C /* SymptomCategoryTableViewController.m in Sources */,
				FA7246BD1A00783200421B83 /* SSKeychainQuery.m in Sources */,
				FA72466E19FFDAF000421B83 /* DoctorUserMainViewController.m in Sources */,
				FAEC602019FEF8AE004B456D /* User.m in Sources */,
				FA7160481A043DEF0042179D /* Symptom.m in Sources */,
				FACA25541A1FD2F700E8BEE5 /* ManagePatientRelationsTableViewController.m in Sources */,
				FA3F14981A1CAB3400F643FF /* DoctorRequest.m in Sources */,
				FA54EB401A05D68C00A41602 /* PickDateSymptomSeenViewController.m in Sources */,
				FA3F149F1A1D46FF00F643FF /* UserDoctorRelationViewController.m in Sources */,
				FA5B23F81A24A38000C266C2 /* ContactPatientViewController.m in Sources */,
				FAEC601D19FEEF3D004B456D /* DataAndNetFunctions.m in Sources */,
				FAEC601719FEB19A004B456D /* LogInViewController.m in Sources */,
				FA8D536F1A1924A700CFA9B8 /* CheckSymptomViewController.m in Sources */,
				FA74478C1A070155005D2BFD /* Symptomhistory.m in Sources */,
				FA6525741A154BE900F85F6C /* SymptomhistoryViewController.m in Sources */,
				FA7704941A125FA0005E19CA /* SymptomhistoryTableViewController.m in Sources */,
				FA8D53721A192DE800CFA9B8 /* DoctorUser.m in Sources */,
				FAEC5FF419FEA5D8004B456D /* InitialViewController.m in Sources */,
				FA6DED731A1E89ED00B16DEB /* DoctorSymptomSpecialty.m in Sources */,
				FA6C97181A1E08BB00F05F73 /* UserSymptomSpecialtiesTableViewController.m in Sources */,
				FACA254C1A1F634000E8BEE5 /* SymptomSpecialtyCategoryTableViewController.m in Sources */,
				FA3AC9E21A1BAFAD00115557 /* FindDoctorTableViewController.m in Sources */,
				FA72466B19FFDAD800421B83 /* NormalUserMainViewController.m in Sources */,
				FA71604B1A045B430042179D /* SymptomViewController.m in Sources */,
				FA721B241A2261D800320AA7 /* ViewPatientSymptomHistoryViewController.m in Sources */,
				FAC1C98D1A03341300398F0C /* SymptomSelectTableViewController.m in Sources */,
				FAEC5FF119FEA5D8004B456D /* AppDelegate.m in Sources */,
				FA721B211A21F6B600320AA7 /* ManagePatientSymptomHistoryTableViewController.m in Sources */,
				FA3F149C1A1CFC9A00F643FF /* ManageRelationsTableViewController.m in Sources */,
				FAEC5FEE19FEA5D8004B456D /* main.m in Sources */,
				FA3AC9E51A1BF08E00115557 /* AddDoctorViewController.m in Sources */,
				FA7246BC1A00783200421B83 /* SSKeychain.m in Sources */,
				FA5B24011A24E2D300C266C2 /* checkBoxView.m in Sources */,
			);
			runOnlyForDeploymentPostprocessing = 0;
		};
		FAEC5FFD19FEA5D8004B456D /* Sources */ = {
			isa = PBXSourcesBuildPhase;
			buildActionMask = 2147483647;
			files = (
				FAEC600819FEA5D8004B456D /* My_Symptoms_BookTests.m in Sources */,
			);
			runOnlyForDeploymentPostprocessing = 0;
		};
/* End PBXSourcesBuildPhase section */

/* Begin PBXTargetDependency section */
		FAEC600319FEA5D8004B456D /* PBXTargetDependency */ = {
			isa = PBXTargetDependency;
			target = FAEC5FE719FEA5D7004B456D /* My Symptoms Book */;
			targetProxy = FAEC600219FEA5D8004B456D /* PBXContainerItemProxy */;
		};
/* End PBXTargetDependency section */

/* Begin PBXVariantGroup section */
		FAEC5FF519FEA5D8004B456D /* Main.storyboard */ = {
			isa = PBXVariantGroup;
			children = (
				FAEC5FF619FEA5D8004B456D /* Base */,
			);
			name = Main.storyboard;
			sourceTree = "<group>";
		};
		FAEC5FFA19FEA5D8004B456D /* LaunchScreen.xib */ = {
			isa = PBXVariantGroup;
			children = (
				FAEC5FFB19FEA5D8004B456D /* Base */,
			);
			name = LaunchScreen.xib;
			sourceTree = "<group>";
		};
/* End PBXVariantGroup section */

/* Begin XCBuildConfiguration section */
		FAEC600919FEA5D8004B456D /* Debug */ = {
			isa = XCBuildConfiguration;
			buildSettings = {
				ALWAYS_SEARCH_USER_PATHS = NO;
				CLANG_CXX_LANGUAGE_STANDARD = "gnu++0x";
				CLANG_CXX_LIBRARY = "libc++";
				CLANG_ENABLE_MODULES = YES;
				CLANG_ENABLE_OBJC_ARC = YES;
				CLANG_WARN_BOOL_CONVERSION = YES;
				CLANG_WARN_CONSTANT_CONVERSION = YES;
				CLANG_WARN_DIRECT_OBJC_ISA_USAGE = YES_ERROR;
				CLANG_WARN_EMPTY_BODY = YES;
				CLANG_WARN_ENUM_CONVERSION = YES;
				CLANG_WARN_INT_CONVERSION = YES;
				CLANG_WARN_OBJC_ROOT_CLASS = YES_ERROR;
				CLANG_WARN_UNREACHABLE_CODE = YES;
				CLANG_WARN__DUPLICATE_METHOD_MATCH = YES;
				"CODE_SIGN_IDENTITY[sdk=iphoneos*]" = "iPhone Developer";
				COPY_PHASE_STRIP = NO;
				ENABLE_STRICT_OBJC_MSGSEND = YES;
				GCC_C_LANGUAGE_STANDARD = gnu99;
				GCC_DYNAMIC_NO_PIC = NO;
				GCC_OPTIMIZATION_LEVEL = 0;
				GCC_PREPROCESSOR_DEFINITIONS = (
					"DEBUG=1",
					"$(inherited)",
				);
				GCC_SYMBOLS_PRIVATE_EXTERN = NO;
				GCC_WARN_64_TO_32_BIT_CONVERSION = YES;
				GCC_WARN_ABOUT_RETURN_TYPE = YES_ERROR;
				GCC_WARN_UNDECLARED_SELECTOR = YES;
				GCC_WARN_UNINITIALIZED_AUTOS = YES_AGGRESSIVE;
				GCC_WARN_UNUSED_FUNCTION = YES;
				GCC_WARN_UNUSED_VARIABLE = YES;
				IPHONEOS_DEPLOYMENT_TARGET = 8.1;
				MTL_ENABLE_DEBUG_INFO = YES;
				ONLY_ACTIVE_ARCH = YES;
				SDKROOT = iphoneos;
			};
			name = Debug;
		};
		FAEC600A19FEA5D8004B456D /* Release */ = {
			isa = XCBuildConfiguration;
			buildSettings = {
				ALWAYS_SEARCH_USER_PATHS = NO;
				CLANG_CXX_LANGUAGE_STANDARD = "gnu++0x";
				CLANG_CXX_LIBRARY = "libc++";
				CLANG_ENABLE_MODULES = YES;
				CLANG_ENABLE_OBJC_ARC = YES;
				CLANG_WARN_BOOL_CONVERSION = YES;
				CLANG_WARN_CONSTANT_CONVERSION = YES;
				CLANG_WARN_DIRECT_OBJC_ISA_USAGE = YES_ERROR;
				CLANG_WARN_EMPTY_BODY = YES;
				CLANG_WARN_ENUM_CONVERSION = YES;
				CLANG_WARN_INT_CONVERSION = YES;
				CLANG_WARN_OBJC_ROOT_CLASS = YES_ERROR;
				CLANG_WARN_UNREACHABLE_CODE = YES;
				CLANG_WARN__DUPLICATE_METHOD_MATCH = YES;
				"CODE_SIGN_IDENTITY[sdk=iphoneos*]" = "iPhone Developer";
				COPY_PHASE_STRIP = YES;
				ENABLE_NS_ASSERTIONS = NO;
				ENABLE_STRICT_OBJC_MSGSEND = YES;
				GCC_C_LANGUAGE_STANDARD = gnu99;
				GCC_WARN_64_TO_32_BIT_CONVERSION = YES;
				GCC_WARN_ABOUT_RETURN_TYPE = YES_ERROR;
				GCC_WARN_UNDECLARED_SELECTOR = YES;
				GCC_WARN_UNINITIALIZED_AUTOS = YES_AGGRESSIVE;
				GCC_WARN_UNUSED_FUNCTION = YES;
				GCC_WARN_UNUSED_VARIABLE = YES;
				IPHONEOS_DEPLOYMENT_TARGET = 8.1;
				MTL_ENABLE_DEBUG_INFO = NO;
				SDKROOT = iphoneos;
				VALIDATE_PRODUCT = YES;
			};
			name = Release;
		};
		FAEC600C19FEA5D8004B456D /* Debug */ = {
			isa = XCBuildConfiguration;
			baseConfigurationReference = DEED959EF4EF5D9FC6BA728D /* Pods-My Symptoms Book.debug.xcconfig */;
			buildSettings = {
				ASSETCATALOG_COMPILER_APPICON_NAME = AppIcon;
				INFOPLIST_FILE = "My Symptoms Book/Info.plist";
				LD_RUNPATH_SEARCH_PATHS = "$(inherited) @executable_path/Frameworks";
				PRODUCT_NAME = "$(TARGET_NAME)";
			};
			name = Debug;
		};
		FAEC600D19FEA5D8004B456D /* Release */ = {
			isa = XCBuildConfiguration;
			baseConfigurationReference = D83332FD30E555084B95DE85 /* Pods-My Symptoms Book.release.xcconfig */;
			buildSettings = {
				ASSETCATALOG_COMPILER_APPICON_NAME = AppIcon;
				INFOPLIST_FILE = "My Symptoms Book/Info.plist";
				LD_RUNPATH_SEARCH_PATHS = "$(inherited) @executable_path/Frameworks";
				PRODUCT_NAME = "$(TARGET_NAME)";
			};
			name = Release;
		};
		FAEC600F19FEA5D8004B456D /* Debug */ = {
			isa = XCBuildConfiguration;
			buildSettings = {
				BUNDLE_LOADER = "$(TEST_HOST)";
				FRAMEWORK_SEARCH_PATHS = (
					"$(SDKROOT)/Developer/Library/Frameworks",
					"$(inherited)",
				);
				GCC_PREPROCESSOR_DEFINITIONS = (
					"DEBUG=1",
					"$(inherited)",
				);
				INFOPLIST_FILE = "My Symptoms BookTests/Info.plist";
				LD_RUNPATH_SEARCH_PATHS = "$(inherited) @executable_path/Frameworks @loader_path/Frameworks";
				PRODUCT_NAME = "$(TARGET_NAME)";
				TEST_HOST = "$(BUILT_PRODUCTS_DIR)/My Symptoms Book.app/My Symptoms Book";
			};
			name = Debug;
		};
		FAEC601019FEA5D8004B456D /* Release */ = {
			isa = XCBuildConfiguration;
			buildSettings = {
				BUNDLE_LOADER = "$(TEST_HOST)";
				FRAMEWORK_SEARCH_PATHS = (
					"$(SDKROOT)/Developer/Library/Frameworks",
					"$(inherited)",
				);
				INFOPLIST_FILE = "My Symptoms BookTests/Info.plist";
				LD_RUNPATH_SEARCH_PATHS = "$(inherited) @executable_path/Frameworks @loader_path/Frameworks";
				PRODUCT_NAME = "$(TARGET_NAME)";
				TEST_HOST = "$(BUILT_PRODUCTS_DIR)/My Symptoms Book.app/My Symptoms Book";
			};
			name = Release;
		};
/* End XCBuildConfiguration section */

/* Begin XCConfigurationList section */
		FAEC5FE319FEA5D7004B456D /* Build configuration list for PBXProject "My Symptoms Book" */ = {
			isa = XCConfigurationList;
			buildConfigurations = (
				FAEC600919FEA5D8004B456D /* Debug */,
				FAEC600A19FEA5D8004B456D /* Release */,
			);
			defaultConfigurationIsVisible = 0;
			defaultConfigurationName = Release;
		};
		FAEC600B19FEA5D8004B456D /* Build configuration list for PBXNativeTarget "My Symptoms Book" */ = {
			isa = XCConfigurationList;
			buildConfigurations = (
				FAEC600C19FEA5D8004B456D /* Debug */,
				FAEC600D19FEA5D8004B456D /* Release */,
			);
			defaultConfigurationIsVisible = 0;
			defaultConfigurationName = Release;
		};
		FAEC600E19FEA5D8004B456D /* Build configuration list for PBXNativeTarget "My Symptoms BookTests" */ = {
			isa = XCConfigurationList;
			buildConfigurations = (
				FAEC600F19FEA5D8004B456D /* Debug */,
				FAEC601019FEA5D8004B456D /* Release */,
			);
			defaultConfigurationIsVisible = 0;
			defaultConfigurationName = Release;
		};
/* End XCConfigurationList section */
	};
	rootObject = FAEC5FE019FEA5D7004B456D /* Project object */;
}
